
Microsoft Visual Studio Solution File, Format Version 12.00
# Visual Studio 15
VisualStudioVersion = 15.0.26430.12
MinimumVisualStudioVersion = 10.0.40219.1
Project("{9A19103F-16F7-4668-BE54-9A1E7A4F7556}") = "Harry.Extensions.EntityFrameworkCore", "Harry.Extensions.EntityFrameworkCore\Harry.Extensions.EntityFrameworkCore.csproj", "{743B8E3A-F445-43DB-AB5A-24AA84D5BB41}"
EndProject
Project("{9A19103F-16F7-4668-BE54-9A1E7A4F7556}") = "Harry.SqlBuilder.Abstractions", "..\Harry.SqlBuilder\Harry.SqlBuilder.Abstractions\Harry.SqlBuilder.Abstractions.csproj", "{E1F1808F-3FC9-4510-B2E9-C4ACB080B7CC}"
EndProject
Project("{9A19103F-16F7-4668-BE54-9A1E7A4F7556}") = "Harry.SqlBuilder.SqlServer", "..\Harry.SqlBuilder\Harry.SqlBuilder.SqlServer\Harry.SqlBuilder.SqlServer.csproj", "{18DE738B-3BEA-48BF-8329-22DC2DB9777D}"
EndProject
Project("{9A19103F-16F7-4668-BE54-9A1E7A4F7556}") = "Harry.SqlBuilder", "..\Harry.SqlBuilder\Harry.SqlBuilder\Harry.SqlBuilder.csproj", "{57AD5956-EEF7-48D0-A0D8-318697FC7073}"
EndProject
Global
	GlobalSection(SolutionConfigurationPlatforms) = preSolution
		Debug|Any CPU = Debug|Any CPU
		Release|Any CPU = Release|Any CPU
	EndGlobalSection
	GlobalSection(ProjectConfigurationPlatforms) = postSolution
		{743B8E3A-F445-43DB-AB5A-24AA84D5BB41}.Debug|Any CPU.ActiveCfg = Debug|Any CPU
		{743B8E3A-F445-43DB-AB5A-24AA84D5BB41}.Debug|Any CPU.Build.0 = Debug|Any CPU
		{743B8E3A-F445-43DB-AB5A-24AA84D5BB41}.Release|Any CPU.ActiveCfg = Release|Any CPU
		{743B8E3A-F445-43DB-AB5A-24AA84D5BB41}.Release|Any CPU.Build.0 = Release|Any CPU
		{E1F1808F-3FC9-4510-B2E9-C4ACB080B7CC}.Debug|Any CPU.ActiveCfg = Debug|Any CPU
		{E1F1808F-3FC9-4510-B2E9-C4ACB080B7CC}.Debug|Any CPU.Build.0 = Debug|Any CPU
		{E1F1808F-3FC9-4510-B2E9-C4ACB080B7CC}.Release|Any CPU.ActiveCfg = Release|Any CPU
		{E1F1808F-3FC9-4510-B2E9-C4ACB080B7CC}.Release|Any CPU.Build.0 = Release|Any CPU
		{18DE738B-3BEA-48BF-8329-22DC2DB9777D}.Debug|Any CPU.ActiveCfg = Debug|Any CPU
		{18DE738B-3BEA-48BF-8329-22DC2DB9777D}.Debug|Any CPU.Build.0 = Debug|Any CPU
		{18DE738B-3BEA-48BF-8329-22DC2DB9777D}.Release|Any CPU.ActiveCfg = Release|Any CPU
		{18DE738B-3BEA-48BF-8329-22DC2DB9777D}.Release|Any CPU.Build.0 = Release|Any CPU
		{57AD5956-EEF7-48D0-A0D8-318697FC7073}.Debug|Any CPU.ActiveCfg = Debug|Any CPU
		{57AD5956-EEF7-48D0-A0D8-318697FC7073}.Debug|Any CPU.Build.0 = Debug|Any CPU
		{57AD5956-EEF7-48D0-A0D8-318697FC7073}.Release|Any CPU.ActiveCfg = Release|Any CPU
		{57AD5956-EEF7-48D0-A0D8-318697FC7073}.Release|Any CPU.Build.0 = Release|Any CPU
	EndGlobalSection
	GlobalSection(SolutionProperties) = preSolution
		HideSolutionNode = FALSE
	EndGlobalSection
EndGlobal
